<Solution>
  <Project Path="Interflow.Game.csproj" />
  <Project Path="Interflow.Editor.csproj" />
  <Project Path="Assembly-CSharp.csproj" />
  <Project Path="SidekickCharacters.Editor.csproj" />
  <Project Path="Interflow.Client.csproj" />
  <Project Path="SidekickCharacters.csproj" />
  <Project Path="Assembly-CSharp-Editor.csproj" />
  <Project Path="Gilzoide.SqliteNet.csproj" />
  <Project Path="Interflow.Tests.EditMode.csproj" />
  <Project Path="Gilzoide.SqliteNet.Tests.Editor.csproj" />
  <Project Path="Interflow.Input.csproj" />
</Solution>
